lockfileVersion: '9.0'

settings:
  autoInstallPeers: true
  excludeLinksFromLockfile: false

importers:

  .:
    dependencies:
      hyparquet:
        specifier: 1.29.2
        version: 1.29.2
      hyparquet-compressors:
        specifier: 1.1.1
        version: 1.1.1

packages:

  fzstd@0.1.1:
    resolution: {integrity: sha512-dkuVSOKKwh3eas5VkJy1AW1vFpet8TA/fGmVA5krThl8YcOVE/8ZIoEA1+U1vEn5ckxxhLirSdY837azmbaNHA==}

  hyparquet-compressors@1.1.1:
    resolution: {integrity: sha512-yx7aA3Rhj0YycbdV71+XznQSLAefa4cT0urpgNXy4aM6eSeCknaVDNne8y45Uz74Fb15yyXUzOStlceOJBan7A==}

  hyparquet@1.29.2:
    resolution: {integrity: sha512-2LxinZ8X0JqToST+9OXcy9t3t5Q7ZneMTkSqUx/36Hv18pCTk/N71IWZc7APTSNG1Me39l/jjEvzZSZ0R+Knbw==}

  hysnappy@1.0.0:
    resolution: {integrity: sha512-MNrC4NfwDGPb889O6gIfEtbvEZCSWUsSEhsz4Oq2FRcpGtXHfeVz3KciSPp5Pnnz1NjFMgDQNfxdJozymJEDDA==}

snapshots:

  fzstd@0.1.1: {}

  hyparquet-compressors@1.1.1:
    dependencies:
      fzstd: 0.1.1
      hysnappy: 1.0.0

  hyparquet@1.29.2: {}

  hysnappy@1.0.0: {}
